
Microsoft Visual Studio Solution File, Format Version 12.00
# Visual Studio Version 17
VisualStudioVersion = 17.2.32519.379
MinimumVisualStudioVersion = 10.0.40219.1
Project("{FAE04EC0-301F-11D3-BF4B-00C04F79EFBC}") = "StringManipulation", "StringManipulation\StringManipulation.csproj", "{88655C81-2B3F-4ED8-B351-3D437C45F0C1}"
EndProject
Global
	GlobalSection(SolutionConfigurationPlatforms) = preSolution
		Debug|Any CPU = Debug|Any CPU
		Release|Any CPU = Release|Any CPU
	EndGlobalSection
	GlobalSection(ProjectConfigurationPlatforms) = postSolution
		{88655C81-2B3F-4ED8-B351-3D437C45F0C1}.Debug|Any CPU.ActiveCfg = Debug|Any CPU
		{88655C81-2B3F-4ED8-B351-3D437C45F0C1}.Debug|Any CPU.Build.0 = Debug|Any CPU
		{88655C81-2B3F-4ED8-B351-3D437C45F0C1}.Release|Any CPU.ActiveCfg = Release|Any CPU
		{88655C81-2B3F-4ED8-B351-3D437C45F0C1}.Release|Any CPU.Build.0 = Release|Any CPU
	EndGlobalSection
	GlobalSection(SolutionProperties) = preSolution
		HideSolutionNode = FALSE
	EndGlobalSection
	GlobalSection(ExtensibilityGlobals) = postSolution
		SolutionGuid = {8B348394-552D-4788-BDA7-0FFF0738B42E}
	EndGlobalSection
EndGlobal
